
Microsoft Visual Studio Solution File, Format Version 12.00
# Visual Studio Version 16
VisualStudioVersion = 16.0.31112.23
MinimumVisualStudioVersion = 10.0.40219.1
Project("{FAE04EC0-301F-11D3-BF4B-00C04F79EFBC}") = "Vydly2", "Vydly2.csproj", "{EF239A6E-0783-4B61-86F3-B1338A271062}"
EndProject
Global
	GlobalSection(SolutionConfigurationPlatforms) = preSolution
		Debug|Any CPU = Debug|Any CPU
		Release|Any CPU = Release|Any CPU
	EndGlobalSection
	GlobalSection(ProjectConfigurationPlatforms) = postSolution
		{EF239A6E-0783-4B61-86F3-B1338A271062}.Debug|Any CPU.ActiveCfg = Debug|Any CPU
		{EF239A6E-0783-4B61-86F3-B1338A271062}.Debug|Any CPU.Build.0 = Debug|Any CPU
		{EF239A6E-0783-4B61-86F3-B1338A271062}.Release|Any CPU.ActiveCfg = Release|Any CPU
		{EF239A6E-0783-4B61-86F3-B1338A271062}.Release|Any CPU.Build.0 = Release|Any CPU
	EndGlobalSection
	GlobalSection(SolutionProperties) = preSolution
		HideSolutionNode = FALSE
	EndGlobalSection
	GlobalSection(ExtensibilityGlobals) = postSolution
		SolutionGuid = {1526DFD1-27D7-4CE3-8531-3A78B8969E5F}
	EndGlobalSection
EndGlobal
